
Microsoft Visual Studio Solution File, Format Version 12.00
# Visual Studio Version 17
VisualStudioVersion = 17.11.35327.3
MinimumVisualStudioVersion = 10.0.40219.1
Project("{FAE04EC0-301F-11D3-BF4B-00C04F79EFBC}") = "Ex020", "Ex020.csproj", "{87BAA380-5D89-4CFB-9510-BE421522B865}"
EndProject
Global
	GlobalSection(SolutionConfigurationPlatforms) = preSolution
		Debug|Any CPU = Debug|Any CPU
		Release|Any CPU = Release|Any CPU
	EndGlobalSection
	GlobalSection(ProjectConfigurationPlatforms) = postSolution
		{87BAA380-5D89-4CFB-9510-BE421522B865}.Debug|Any CPU.ActiveCfg = Debug|Any CPU
		{87BAA380-5D89-4CFB-9510-BE421522B865}.Debug|Any CPU.Build.0 = Debug|Any CPU
		{87BAA380-5D89-4CFB-9510-BE421522B865}.Release|Any CPU.ActiveCfg = Release|Any CPU
		{87BAA380-5D89-4CFB-9510-BE421522B865}.Release|Any CPU.Build.0 = Release|Any CPU
	EndGlobalSection
	GlobalSection(SolutionProperties) = preSolution
		HideSolutionNode = FALSE
	EndGlobalSection
	GlobalSection(ExtensibilityGlobals) = postSolution
		SolutionGuid = {C42823D7-DCA5-4E62-8469-6DC5AFECE5AA}
	EndGlobalSection
EndGlobal
