
Microsoft Visual Studio Solution File, Format Version 12.00
# Visual Studio Version 17
VisualStudioVersion = 17.11.35327.3
MinimumVisualStudioVersion = 10.0.40219.1
Project("{FAE04EC0-301F-11D3-BF4B-00C04F79EFBC}") = "Ex004", "Ex004.csproj", "{6663FF47-1974-41A1-A99D-FC2D29A8EB4E}"
EndProject
Global
	GlobalSection(SolutionConfigurationPlatforms) = preSolution
		Debug|Any CPU = Debug|Any CPU
		Release|Any CPU = Release|Any CPU
	EndGlobalSection
	GlobalSection(ProjectConfigurationPlatforms) = postSolution
		{6663FF47-1974-41A1-A99D-FC2D29A8EB4E}.Debug|Any CPU.ActiveCfg = Debug|Any CPU
		{6663FF47-1974-41A1-A99D-FC2D29A8EB4E}.Debug|Any CPU.Build.0 = Debug|Any CPU
		{6663FF47-1974-41A1-A99D-FC2D29A8EB4E}.Release|Any CPU.ActiveCfg = Release|Any CPU
		{6663FF47-1974-41A1-A99D-FC2D29A8EB4E}.Release|Any CPU.Build.0 = Release|Any CPU
	EndGlobalSection
	GlobalSection(SolutionProperties) = preSolution
		HideSolutionNode = FALSE
	EndGlobalSection
	GlobalSection(ExtensibilityGlobals) = postSolution
		SolutionGuid = {5709C09C-A69D-484B-AA62-7B1DFAAA25FF}
	EndGlobalSection
EndGlobal
