
Microsoft Visual Studio Solution File, Format Version 12.00
# Visual Studio Version 17
VisualStudioVersion = 17.11.35327.3
MinimumVisualStudioVersion = 10.0.40219.1
Project("{FAE04EC0-301F-11D3-BF4B-00C04F79EFBC}") = "Ex017", "Ex017.csproj", "{2F36EC8E-2748-484C-A1BB-DDA511196AE3}"
EndProject
Global
	GlobalSection(SolutionConfigurationPlatforms) = preSolution
		Debug|Any CPU = Debug|Any CPU
		Release|Any CPU = Release|Any CPU
	EndGlobalSection
	GlobalSection(ProjectConfigurationPlatforms) = postSolution
		{2F36EC8E-2748-484C-A1BB-DDA511196AE3}.Debug|Any CPU.ActiveCfg = Debug|Any CPU
		{2F36EC8E-2748-484C-A1BB-DDA511196AE3}.Debug|Any CPU.Build.0 = Debug|Any CPU
		{2F36EC8E-2748-484C-A1BB-DDA511196AE3}.Release|Any CPU.ActiveCfg = Release|Any CPU
		{2F36EC8E-2748-484C-A1BB-DDA511196AE3}.Release|Any CPU.Build.0 = Release|Any CPU
	EndGlobalSection
	GlobalSection(SolutionProperties) = preSolution
		HideSolutionNode = FALSE
	EndGlobalSection
	GlobalSection(ExtensibilityGlobals) = postSolution
		SolutionGuid = {40C9CF4D-1A39-4E67-B88D-E4D5AE298256}
	EndGlobalSection
EndGlobal
